
Microsoft Visual Studio Solution File, Format Version 12.00
# Visual Studio Version 17
VisualStudioVersion = 17.11.35327.3
MinimumVisualStudioVersion = 10.0.40219.1
Project("{2150E333-8FDC-42A3-9474-1A3956D46DE8}") = "01. Microservices", "01. Microservices", "{27B9D469-9102-42B7-B7C3-049871D8D408}"
EndProject
Project("{2150E333-8FDC-42A3-9474-1A3956D46DE8}") = "01. Gateway", "01. Gateway", "{8C1E018F-409E-4466-94A2-FA58D7E849F4}"
EndProject
Project("{2150E333-8FDC-42A3-9474-1A3956D46DE8}") = "02. Employees", "02. Employees", "{51C25FF6-6BD8-4321-9CE4-4A5E2912E640}"
EndProject
Project("{2150E333-8FDC-42A3-9474-1A3956D46DE8}") = "02. Test", "02. Test", "{115008CE-FEFD-4818-884F-0F9EBD7D50C0}"
EndProject
Project("{2150E333-8FDC-42A3-9474-1A3956D46DE8}") = "03. Shared", "03. Shared", "{66DC21E0-705D-493B-B0F0-E03819035E5C}"
EndProject
Project("{9A19103F-16F7-4668-BE54-9A1E7A4F7556}") = "Shared", "Shared\Shared\Shared.csproj", "{031B98BD-53D0-4F00-BE16-D93CC52308D4}"
EndProject
Project("{9A19103F-16F7-4668-BE54-9A1E7A4F7556}") = "Application", "Microservices\02. Employees\Application\Application.csproj", "{07C1644F-3316-44C7-A212-4BC7CCEC5C0D}"
EndProject
Project("{9A19103F-16F7-4668-BE54-9A1E7A4F7556}") = "Domain", "Microservices\02. Employees\Domain\Domain.csproj", "{C792C519-24BF-4DA3-AA41-BCEBE4574C09}"
EndProject
Project("{9A19103F-16F7-4668-BE54-9A1E7A4F7556}") = "Infraestructure", "Microservices\02. Employees\Infraestructure\Infraestructure.csproj", "{0F1B692F-D103-40F4-9DFB-541DAE475EBA}"
EndProject
Project("{9A19103F-16F7-4668-BE54-9A1E7A4F7556}") = "Web.Employee.API", "Microservices\02. Employees\Web.Employee.API\Web.Employee.API.csproj", "{62D69617-F7FB-4E19-BE3F-8355B8AE200F}"
EndProject
Project("{9A19103F-16F7-4668-BE54-9A1E7A4F7556}") = "Application", "Microservices\01. Gateway\Application\Application.csproj", "{E23612A0-9D83-4F90-BF23-248E6E80555D}"
EndProject
Project("{9A19103F-16F7-4668-BE54-9A1E7A4F7556}") = "Domain.Gateway", "Microservices\01. Gateway\Domain\Domain.Gateway.csproj", "{A6C287B8-DD33-4453-9B77-D890BA10B649}"
EndProject
Project("{9A19103F-16F7-4668-BE54-9A1E7A4F7556}") = "Infraestructure", "Microservices\01. Gateway\Infraestructure\Infraestructure.csproj", "{2DB47DEE-B11B-4859-B18F-26624DFD768F}"
EndProject
Project("{9A19103F-16F7-4668-BE54-9A1E7A4F7556}") = "Web.Gateway.API", "Microservices\01. Gateway\Web.Gateway.API\Web.Gateway.API.csproj", "{21A4A074-DCC6-48C0-B87C-7F355278113F}"
EndProject
Project("{2150E333-8FDC-42A3-9474-1A3956D46DE8}") = "03. LogErrors", "03. LogErrors", "{BFBC45B4-560B-4D0C-9717-8D68D8619467}"
EndProject
Project("{9A19103F-16F7-4668-BE54-9A1E7A4F7556}") = "Web.LogError.API", "Microservices\03. LogErrors\Web.LogError.API\Web.LogError.API.csproj", "{0EB18FC6-9191-4304-B3A0-BFC97790B5D6}"
EndProject
Project("{FAE04EC0-301F-11D3-BF4B-00C04F79EFBC}") = "Employees.Api.Test", "Test\Employees.Api.Test\Employees.Api.Test.csproj", "{E06C1ECF-F507-4B92-82A8-C85BB0EFBE30}"
EndProject
Global
	GlobalSection(SolutionConfigurationPlatforms) = preSolution
		Debug|Any CPU = Debug|Any CPU
		Release|Any CPU = Release|Any CPU
	EndGlobalSection
	GlobalSection(ProjectConfigurationPlatforms) = postSolution
		{031B98BD-53D0-4F00-BE16-D93CC52308D4}.Debug|Any CPU.ActiveCfg = Debug|Any CPU
		{031B98BD-53D0-4F00-BE16-D93CC52308D4}.Debug|Any CPU.Build.0 = Debug|Any CPU
		{031B98BD-53D0-4F00-BE16-D93CC52308D4}.Release|Any CPU.ActiveCfg = Release|Any CPU
		{031B98BD-53D0-4F00-BE16-D93CC52308D4}.Release|Any CPU.Build.0 = Release|Any CPU
		{07C1644F-3316-44C7-A212-4BC7CCEC5C0D}.Debug|Any CPU.ActiveCfg = Debug|Any CPU
		{07C1644F-3316-44C7-A212-4BC7CCEC5C0D}.Debug|Any CPU.Build.0 = Debug|Any CPU
		{07C1644F-3316-44C7-A212-4BC7CCEC5C0D}.Release|Any CPU.ActiveCfg = Release|Any CPU
		{07C1644F-3316-44C7-A212-4BC7CCEC5C0D}.Release|Any CPU.Build.0 = Release|Any CPU
		{C792C519-24BF-4DA3-AA41-BCEBE4574C09}.Debug|Any CPU.ActiveCfg = Debug|Any CPU
		{C792C519-24BF-4DA3-AA41-BCEBE4574C09}.Debug|Any CPU.Build.0 = Debug|Any CPU
		{C792C519-24BF-4DA3-AA41-BCEBE4574C09}.Release|Any CPU.ActiveCfg = Release|Any CPU
		{C792C519-24BF-4DA3-AA41-BCEBE4574C09}.Release|Any CPU.Build.0 = Release|Any CPU
		{0F1B692F-D103-40F4-9DFB-541DAE475EBA}.Debug|Any CPU.ActiveCfg = Debug|Any CPU
		{0F1B692F-D103-40F4-9DFB-541DAE475EBA}.Debug|Any CPU.Build.0 = Debug|Any CPU
		{0F1B692F-D103-40F4-9DFB-541DAE475EBA}.Release|Any CPU.ActiveCfg = Release|Any CPU
		{0F1B692F-D103-40F4-9DFB-541DAE475EBA}.Release|Any CPU.Build.0 = Release|Any CPU
		{62D69617-F7FB-4E19-BE3F-8355B8AE200F}.Debug|Any CPU.ActiveCfg = Debug|Any CPU
		{62D69617-F7FB-4E19-BE3F-8355B8AE200F}.Debug|Any CPU.Build.0 = Debug|Any CPU
		{62D69617-F7FB-4E19-BE3F-8355B8AE200F}.Release|Any CPU.ActiveCfg = Release|Any CPU
		{62D69617-F7FB-4E19-BE3F-8355B8AE200F}.Release|Any CPU.Build.0 = Release|Any CPU
		{E23612A0-9D83-4F90-BF23-248E6E80555D}.Debug|Any CPU.ActiveCfg = Debug|Any CPU
		{E23612A0-9D83-4F90-BF23-248E6E80555D}.Debug|Any CPU.Build.0 = Debug|Any CPU
		{E23612A0-9D83-4F90-BF23-248E6E80555D}.Release|Any CPU.ActiveCfg = Release|Any CPU
		{E23612A0-9D83-4F90-BF23-248E6E80555D}.Release|Any CPU.Build.0 = Release|Any CPU
		{A6C287B8-DD33-4453-9B77-D890BA10B649}.Debug|Any CPU.ActiveCfg = Debug|Any CPU
		{A6C287B8-DD33-4453-9B77-D890BA10B649}.Debug|Any CPU.Build.0 = Debug|Any CPU
		{A6C287B8-DD33-4453-9B77-D890BA10B649}.Release|Any CPU.ActiveCfg = Release|Any CPU
		{A6C287B8-DD33-4453-9B77-D890BA10B649}.Release|Any CPU.Build.0 = Release|Any CPU
		{2DB47DEE-B11B-4859-B18F-26624DFD768F}.Debug|Any CPU.ActiveCfg = Debug|Any CPU
		{2DB47DEE-B11B-4859-B18F-26624DFD768F}.Debug|Any CPU.Build.0 = Debug|Any CPU
		{2DB47DEE-B11B-4859-B18F-26624DFD768F}.Release|Any CPU.ActiveCfg = Release|Any CPU
		{2DB47DEE-B11B-4859-B18F-26624DFD768F}.Release|Any CPU.Build.0 = Release|Any CPU
		{21A4A074-DCC6-48C0-B87C-7F355278113F}.Debug|Any CPU.ActiveCfg = Debug|Any CPU
		{21A4A074-DCC6-48C0-B87C-7F355278113F}.Debug|Any CPU.Build.0 = Debug|Any CPU
		{21A4A074-DCC6-48C0-B87C-7F355278113F}.Release|Any CPU.ActiveCfg = Release|Any CPU
		{21A4A074-DCC6-48C0-B87C-7F355278113F}.Release|Any CPU.Build.0 = Release|Any CPU
		{0EB18FC6-9191-4304-B3A0-BFC97790B5D6}.Debug|Any CPU.ActiveCfg = Debug|Any CPU
		{0EB18FC6-9191-4304-B3A0-BFC97790B5D6}.Debug|Any CPU.Build.0 = Debug|Any CPU
		{0EB18FC6-9191-4304-B3A0-BFC97790B5D6}.Release|Any CPU.ActiveCfg = Release|Any CPU
		{0EB18FC6-9191-4304-B3A0-BFC97790B5D6}.Release|Any CPU.Build.0 = Release|Any CPU
		{E06C1ECF-F507-4B92-82A8-C85BB0EFBE30}.Debug|Any CPU.ActiveCfg = Debug|Any CPU
		{E06C1ECF-F507-4B92-82A8-C85BB0EFBE30}.Debug|Any CPU.Build.0 = Debug|Any CPU
		{E06C1ECF-F507-4B92-82A8-C85BB0EFBE30}.Release|Any CPU.ActiveCfg = Release|Any CPU
		{E06C1ECF-F507-4B92-82A8-C85BB0EFBE30}.Release|Any CPU.Build.0 = Release|Any CPU
	EndGlobalSection
	GlobalSection(SolutionProperties) = preSolution
		HideSolutionNode = FALSE
	EndGlobalSection
	GlobalSection(NestedProjects) = preSolution
		{8C1E018F-409E-4466-94A2-FA58D7E849F4} = {27B9D469-9102-42B7-B7C3-049871D8D408}
		{51C25FF6-6BD8-4321-9CE4-4A5E2912E640} = {27B9D469-9102-42B7-B7C3-049871D8D408}
		{031B98BD-53D0-4F00-BE16-D93CC52308D4} = {66DC21E0-705D-493B-B0F0-E03819035E5C}
		{07C1644F-3316-44C7-A212-4BC7CCEC5C0D} = {51C25FF6-6BD8-4321-9CE4-4A5E2912E640}
		{C792C519-24BF-4DA3-AA41-BCEBE4574C09} = {51C25FF6-6BD8-4321-9CE4-4A5E2912E640}
		{0F1B692F-D103-40F4-9DFB-541DAE475EBA} = {51C25FF6-6BD8-4321-9CE4-4A5E2912E640}
		{62D69617-F7FB-4E19-BE3F-8355B8AE200F} = {51C25FF6-6BD8-4321-9CE4-4A5E2912E640}
		{E23612A0-9D83-4F90-BF23-248E6E80555D} = {8C1E018F-409E-4466-94A2-FA58D7E849F4}
		{A6C287B8-DD33-4453-9B77-D890BA10B649} = {8C1E018F-409E-4466-94A2-FA58D7E849F4}
		{2DB47DEE-B11B-4859-B18F-26624DFD768F} = {8C1E018F-409E-4466-94A2-FA58D7E849F4}
		{21A4A074-DCC6-48C0-B87C-7F355278113F} = {8C1E018F-409E-4466-94A2-FA58D7E849F4}
		{BFBC45B4-560B-4D0C-9717-8D68D8619467} = {27B9D469-9102-42B7-B7C3-049871D8D408}
		{0EB18FC6-9191-4304-B3A0-BFC97790B5D6} = {BFBC45B4-560B-4D0C-9717-8D68D8619467}
		{E06C1ECF-F507-4B92-82A8-C85BB0EFBE30} = {115008CE-FEFD-4818-884F-0F9EBD7D50C0}
	EndGlobalSection
	GlobalSection(ExtensibilityGlobals) = postSolution
		SolutionGuid = {B3FB76AE-FC4D-493E-8247-D79FBE2ED556}
	EndGlobalSection
EndGlobal
